{
  "version": "3",
  "packages": {
    "specifiers": {
      "npm:@adobe/leonardo-contrast-colors": "npm:@adobe/leonardo-contrast-colors@1.0.0",
      "npm:chroma-js@2": "npm:chroma-js@2.4.2"
    },
    "npm": {
      "@adobe/leonardo-contrast-colors@1.0.0": {
        "integrity": "sha512-a4mD0JZ1zNu2wIem/vWJqdaiuQZgxwOph/gpHA75mlXcs6iiIQx9G+W0jtssRFgdYYAi/ceQYOlYwiSQj1AUCw==",
        "dependencies": {
          "apca-w3": "apca-w3@0.1.9",
          "chroma-js": "chroma-js@2.4.2",
          "ciebase": "ciebase@0.1.1",
          "ciecam02": "ciecam02@0.4.6",
          "hsluv": "hsluv@0.1.0"
        }
      },
      "apca-w3@0.1.9": {
        "integrity": "sha512-Zrf6AeBeQjNe/fxK7U1jCo5zfdjDl6T4/kdw5Xlky3G7u+EJTZkyItjMYQGtwf9pkftsINxcYyOpuLkzKf1ITQ==",
        "dependencies": {
          "colorparsley": "colorparsley@0.1.8"
        }
      },
      "chroma-js@2.4.2": {
        "integrity": "sha512-U9eDw6+wt7V8z5NncY2jJfZa+hUH8XEj8FQHgFJTrUFnJfXYf4Ml4adI2vXZOjqRDpFWtYVWypDfZwnJ+HIR4A==",
        "dependencies": {}
      },
      "ciebase@0.1.1": {
        "integrity": "sha512-KEnf/WVT5E+Gn+LsfMHGJFATltSOeW0qm7dpzQYL/Qe5PEpyTM+UI5bMoBo16FE81zMpu+U6032USTP6Cz1XNA==",
        "dependencies": {
          "mout": "mout@0.11.1"
        }
      },
      "ciecam02@0.4.6": {
        "integrity": "sha512-nh/Kl8s5lgtyEl7lA381JFinLhgUwDhJaAVgbVx2BaiiJIzJLumQvuFXwdS76tSch7jDjWejP+MtKYCCEk/brg==",
        "dependencies": {
          "ciebase": "ciebase@0.1.1",
          "mout": "mout@0.11.1"
        }
      },
      "colorparsley@0.1.8": {
        "integrity": "sha512-rObESTTTE6G5qO5WFwFxWPggpw4KfpxnLC6Ssl8bITBnNVRhDsyCeTRAUxWQNVTx2pRknKlO2nddYTxjkdNFaw==",
        "dependencies": {}
      },
      "hsluv@0.1.0": {
        "integrity": "sha512-ERcanKLAszD2XN3Vh5r5Szkrv9q0oSTudmP0rkiKAGM/3NMc9FLmMZBB7TSqTaXJfSDBOreYTfjezCOYbRKqlw==",
        "dependencies": {}
      },
      "mout@0.11.1": {
        "integrity": "sha512-pK9VNiLE3QgGBrC/3ICAscwOLU7oTNeK2l32uqNAioBYtB2tQAfSsGDNChUlk7CP23126mc5lUt6+na9FlN8JA==",
        "dependencies": {}
      }
    }
  },
  "remote": {
    "https://deno.land/x/mustache@v0.3.0/mod.ts": "002ffc0db1c5a433abe013fb204478df1e5f7a32246794a59203a17b1b8953ac",
    "https://deno.land/x/mustache@v0.3.0/mustache.mjs": "e4d66e7fd4423ecc65b0ed2648adab3922d8dfdd264d242ce89c67cf9d104041"
  },
  "workspace": {
    "dependencies": [
      "npm:@adobe/leonardo-contrast-colors",
      "npm:chroma-js@2"
    ]
  }
}
