{
  "version": "3",
  "packages": {
    "specifiers": {
      "jsr:@std/cli@^0.224.7": "jsr:@std/cli@0.224.7",
      "npm:@adobe/leonardo-contrast-colors": "npm:@adobe/leonardo-contrast-colors@1.0.0",
      "npm:@types/chroma-js": "npm:@types/chroma-js@2.4.4",
      "npm:@types/chroma-js@2": "npm:@types/chroma-js@2.4.4",
      "npm:@types/node": "npm:@types/node@18.16.19",
      "npm:chroma-js@2": "npm:chroma-js@2.4.2"
    },
    "jsr": {
      "@std/cli@0.224.7": {
        "integrity": "654ca6477518e5e3a0d3fabafb2789e92b8c0febf1a1d24ba4b567aba94b5977"
      }
    },
    "npm": {
      "@adobe/leonardo-contrast-colors@1.0.0": {
        "integrity": "sha512-a4mD0JZ1zNu2wIem/vWJqdaiuQZgxwOph/gpHA75mlXcs6iiIQx9G+W0jtssRFgdYYAi/ceQYOlYwiSQj1AUCw==",
        "dependencies": {
          "apca-w3": "apca-w3@0.1.9",
          "chroma-js": "chroma-js@2.4.2",
          "ciebase": "ciebase@0.1.1",
          "ciecam02": "ciecam02@0.4.6",
          "hsluv": "hsluv@0.1.0"
        }
      },
      "@types/chroma-js@2.4.4": {
        "integrity": "sha512-/DTccpHTaKomqussrn+ciEvfW4k6NAHzNzs/sts1TCqg333qNxOhy8TNIoQCmbGG3Tl8KdEhkGAssb1n3mTXiQ==",
        "dependencies": {}
      },
      "@types/node@18.16.19": {
        "integrity": "sha512-IXl7o+R9iti9eBW4Wg2hx1xQDig183jj7YLn8F7udNceyfkbn1ZxmzZXuak20gR40D7pIkIY1kYGx5VIGbaHKA==",
        "dependencies": {}
      },
      "apca-w3@0.1.9": {
        "integrity": "sha512-Zrf6AeBeQjNe/fxK7U1jCo5zfdjDl6T4/kdw5Xlky3G7u+EJTZkyItjMYQGtwf9pkftsINxcYyOpuLkzKf1ITQ==",
        "dependencies": {
          "colorparsley": "colorparsley@0.1.8"
        }
      },
      "chroma-js@2.4.2": {
        "integrity": "sha512-U9eDw6+wt7V8z5NncY2jJfZa+hUH8XEj8FQHgFJTrUFnJfXYf4Ml4adI2vXZOjqRDpFWtYVWypDfZwnJ+HIR4A==",
        "dependencies": {}
      },
      "ciebase@0.1.1": {
        "integrity": "sha512-KEnf/WVT5E+Gn+LsfMHGJFATltSOeW0qm7dpzQYL/Qe5PEpyTM+UI5bMoBo16FE81zMpu+U6032USTP6Cz1XNA==",
        "dependencies": {
          "mout": "mout@0.11.1"
        }
      },
      "ciecam02@0.4.6": {
        "integrity": "sha512-nh/Kl8s5lgtyEl7lA381JFinLhgUwDhJaAVgbVx2BaiiJIzJLumQvuFXwdS76tSch7jDjWejP+MtKYCCEk/brg==",
        "dependencies": {
          "ciebase": "ciebase@0.1.1",
          "mout": "mout@0.11.1"
        }
      },
      "colorparsley@0.1.8": {
        "integrity": "sha512-rObESTTTE6G5qO5WFwFxWPggpw4KfpxnLC6Ssl8bITBnNVRhDsyCeTRAUxWQNVTx2pRknKlO2nddYTxjkdNFaw==",
        "dependencies": {}
      },
      "hsluv@0.1.0": {
        "integrity": "sha512-ERcanKLAszD2XN3Vh5r5Szkrv9q0oSTudmP0rkiKAGM/3NMc9FLmMZBB7TSqTaXJfSDBOreYTfjezCOYbRKqlw==",
        "dependencies": {}
      },
      "mout@0.11.1": {
        "integrity": "sha512-pK9VNiLE3QgGBrC/3ICAscwOLU7oTNeK2l32uqNAioBYtB2tQAfSsGDNChUlk7CP23126mc5lUt6+na9FlN8JA==",
        "dependencies": {}
      }
    }
  },
  "remote": {
    "https://deno.land/x/mustache@v0.3.0/mod.ts": "002ffc0db1c5a433abe013fb204478df1e5f7a32246794a59203a17b1b8953ac",
    "https://deno.land/x/mustache@v0.3.0/mustache.mjs": "e4d66e7fd4423ecc65b0ed2648adab3922d8dfdd264d242ce89c67cf9d104041",
    "https://esm.sh/v135/yaml@2.4.2/denonext/yaml.mjs": "4bb0c7bab1cfebb5557da3dba3595c5cac62cc517f7ffe3cdb29ebcacb125643",
    "https://esm.sh/yaml@2.4.2": "fc771218df26a53990a4b4cac1783bcf7012620099c82f60b591fd9cf394ad8d"
  },
  "workspace": {
    "dependencies": [
      "jsr:@std/cli@^0.224.7",
      "npm:@adobe/leonardo-contrast-colors",
      "npm:chroma-js@2"
    ]
  }
}
